<?xml version="1.0" encoding="utf-8"?>
<Project ToolsVersion="4.0" xmlns="http://schemas.microsoft.com/developer/msbuild/2003">
  <ItemGroup>
    <Filter Include="소스 파일">
      <UniqueIdentifier>{4FC737F1-C7A5-4376-A066-2A32D752A2FF}</UniqueIdentifier>
      <Extensions>cpp;c;cc;cxx;c++;cppm;ixx;def;odl;idl;hpj;bat;asm;asmx</Extensions>
    </Filter>
    <Filter Include="헤더 파일">
      <UniqueIdentifier>{93995380-89BD-4b04-88EB-625FBE52EBFB}</UniqueIdentifier>
      <Extensions>h;hh;hpp;hxx;h++;hm;inl;inc;ipp;xsd</Extensions>
    </Filter>
    <Filter Include="리소스 파일">
      <UniqueIdentifier>{67DA6AB6-F800-4c08-8B7A-83BB121AAD01}</UniqueIdentifier>
      <Extensions>rc;ico;cur;bmp;dlg;rc2;rct;bin;rgs;gif;jpg;jpeg;jpe;resx;tiff;tif;png;wav;mfcribbon-ms</Extensions>
    </Filter>
    <Filter Include="헤더 파일\lua">
      <UniqueIdentifier>{83efb508-dba7-4716-b9d7-14405138aa42}</UniqueIdentifier>
    </Filter>
    <Filter Include="소스 파일\Singletone">
      <UniqueIdentifier>{6db393a8-0da2-4d88-877d-aca696f49f56}</UniqueIdentifier>
    </Filter>
    <Filter Include="소스 파일\Core">
      <UniqueIdentifier>{240426ba-d7fb-4164-bf69-ebd5dfc26a63}</UniqueIdentifier>
    </Filter>
    <Filter Include="소스 파일\Map">
      <UniqueIdentifier>{43ccf56b-8f7c-47ae-9db3-a21dc4ffbef0}</UniqueIdentifier>
    </Filter>
    <Filter Include="소스 파일\Objects">
      <UniqueIdentifier>{aa3fa97b-e500-4852-95b1-0bd31ff56cd9}</UniqueIdentifier>
    </Filter>
  </ItemGroup>
  <ItemGroup>
    <ClCompile Include="iocp_server.cpp">
      <Filter>소스 파일</Filter>
    </ClCompile>
    <ClCompile Include="main.cpp">
      <Filter>소스 파일</Filter>
    </ClCompile>
    <ClCompile Include="CTimer.cpp">
      <Filter>소스 파일\Singletone</Filter>
    </ClCompile>
    <ClCompile Include="CCharacter.cpp">
      <Filter>소스 파일\Objects</Filter>
    </ClCompile>
    <ClCompile Include="CClient.cpp">
      <Filter>소스 파일\Objects</Filter>
    </ClCompile>
    <ClCompile Include="CEvent.cpp">
      <Filter>소스 파일\Objects</Filter>
    </ClCompile>
    <ClCompile Include="CInfo.cpp">
      <Filter>소스 파일\Objects</Filter>
    </ClCompile>
    <ClCompile Include="CMonster.cpp">
      <Filter>소스 파일\Objects</Filter>
    </ClCompile>
    <ClCompile Include="CDBConnector.cpp">
      <Filter>소스 파일\Core</Filter>
    </ClCompile>
    <ClCompile Include="CServer.cpp">
      <Filter>소스 파일\Core</Filter>
    </ClCompile>
    <ClCompile Include="CMap.cpp">
      <Filter>소스 파일\Map</Filter>
    </ClCompile>
    <ClCompile Include="CSector.cpp">
      <Filter>소스 파일\Map</Filter>
    </ClCompile>
  </ItemGroup>
  <ItemGroup>
    <ClInclude Include="protocol.h">
      <Filter>헤더 파일</Filter>
    </ClInclude>
    <ClInclude Include="include\lauxlib.h">
      <Filter>헤더 파일\lua</Filter>
    </ClInclude>
    <ClInclude Include="include\lua.h">
      <Filter>헤더 파일\lua</Filter>
    </ClInclude>
    <ClInclude Include="include\lualib.h">
      <Filter>헤더 파일\lua</Filter>
    </ClInclude>
    <ClInclude Include="framework.h">
      <Filter>헤더 파일</Filter>
    </ClInclude>
    <ClInclude Include="CTimer.h">
      <Filter>소스 파일\Singletone</Filter>
    </ClInclude>
    <ClInclude Include="CCharacter.h">
      <Filter>소스 파일\Objects</Filter>
    </ClInclude>
    <ClInclude Include="CClient.h">
      <Filter>소스 파일\Objects</Filter>
    </ClInclude>
    <ClInclude Include="CEvent.h">
      <Filter>소스 파일\Objects</Filter>
    </ClInclude>
    <ClInclude Include="CInfo.h">
      <Filter>소스 파일\Objects</Filter>
    </ClInclude>
    <ClInclude Include="CMonster.h">
      <Filter>소스 파일\Objects</Filter>
    </ClInclude>
    <ClInclude Include="CDBConnector.h">
      <Filter>소스 파일\Core</Filter>
    </ClInclude>
    <ClInclude Include="CServer.h">
      <Filter>소스 파일\Core</Filter>
    </ClInclude>
    <ClInclude Include="CMap.h">
      <Filter>소스 파일\Map</Filter>
    </ClInclude>
    <ClInclude Include="CSector.h">
      <Filter>소스 파일\Map</Filter>
    </ClInclude>
  </ItemGroup>
  <ItemGroup>
    <None Include="monster.lua">
      <Filter>리소스 파일</Filter>
    </None>
  </ItemGroup>
</Project>